
Microsoft Visual Studio Solution File, Format Version 12.00
# Visual Studio Version 17
VisualStudioVersion = 17.2.32616.157
MinimumVisualStudioVersion = 10.0.40219.1
Project("{FAE04EC0-301F-11D3-BF4B-00C04F79EFBC}") = "Aurichalcite", "Aurichalcite\Aurichalcite.csproj", "{38B7B9EE-7C96-4C18-9C2E-9AA9F31D5FD2}"
EndProject
Global
	GlobalSection(SolutionConfigurationPlatforms) = preSolution
		Debug|Any CPU = Debug|Any CPU
		Release|Any CPU = Release|Any CPU
	EndGlobalSection
	GlobalSection(ProjectConfigurationPlatforms) = postSolution
		{38B7B9EE-7C96-4C18-9C2E-9AA9F31D5FD2}.Debug|Any CPU.ActiveCfg = Debug|Any CPU
		{38B7B9EE-7C96-4C18-9C2E-9AA9F31D5FD2}.Debug|Any CPU.Build.0 = Debug|Any CPU
		{38B7B9EE-7C96-4C18-9C2E-9AA9F31D5FD2}.Release|Any CPU.ActiveCfg = Release|Any CPU
		{38B7B9EE-7C96-4C18-9C2E-9AA9F31D5FD2}.Release|Any CPU.Build.0 = Release|Any CPU
	EndGlobalSection
	GlobalSection(SolutionProperties) = preSolution
		HideSolutionNode = FALSE
	EndGlobalSection
	GlobalSection(ExtensibilityGlobals) = postSolution
		SolutionGuid = {67CD9C7C-DB3A-4C56-B290-CF1077953E60}
	EndGlobalSection
EndGlobal
